
Microsoft Visual Studio Solution File, Format Version 12.00
# Visual Studio Version 16
VisualStudioVersion = 16.0.31829.152
MinimumVisualStudioVersion = 10.0.40219.1
Project("{FAE04EC0-301F-11D3-BF4B-00C04F79EFBC}") = "ContentReferenceModule", "ContentReferenceModule\ContentReferenceModule.csproj", "{03C53B38-0137-413A-9DF9-65F57D060EDC}"
EndProject
Global
	GlobalSection(SolutionConfigurationPlatforms) = preSolution
		Debug|Any CPU = Debug|Any CPU
		Release|Any CPU = Release|Any CPU
	EndGlobalSection
	GlobalSection(ProjectConfigurationPlatforms) = postSolution
		{03C53B38-0137-413A-9DF9-65F57D060EDC}.Debug|Any CPU.ActiveCfg = Debug|Any CPU
		{03C53B38-0137-413A-9DF9-65F57D060EDC}.Debug|Any CPU.Build.0 = Debug|Any CPU
		{03C53B38-0137-413A-9DF9-65F57D060EDC}.Release|Any CPU.ActiveCfg = Release|Any CPU
		{03C53B38-0137-413A-9DF9-65F57D060EDC}.Release|Any CPU.Build.0 = Release|Any CPU
	EndGlobalSection
	GlobalSection(SolutionProperties) = preSolution
		HideSolutionNode = FALSE
	EndGlobalSection
	GlobalSection(ExtensibilityGlobals) = postSolution
		SolutionGuid = {F666D0BE-6B2E-449B-9AD3-D894317BC4EC}
	EndGlobalSection
EndGlobal
